{
  "projects": [
    {
      "projectId": "7nJ7UcFmq9UzB6eXfC5z4a",
      "version": "0.31.0",
      "dependencies": {},
      "lang": "js",
      "fileLocks": [
        {
          "assetId": "7nJ7UcFmq9UzB6eXfC5z4a",
          "type": "projectCss",
          "checksum": "01e8cee5b9ce00fbc93f494c2a40dbf1"
        }
      ],
      "codegenVersion": "0.0.1"
    },
    {
      "projectId": "ohDidvG9XsCeFumugENU3J",
      "version": "6.28.0",
      "dependencies": {},
      "lang": "js",
      "fileLocks": [
        {
          "assetId": "ohDidvG9XsCeFumugENU3J",
          "type": "projectCss",
          "checksum": "ba2a60a163fca4f4d510275088a2be53"
        },
        {
          "assetId": "ohDidvG9XsCeFumugENU3J",
          "checksum": "de0a0e65174a6a185a8f822af51c6bdd",
          "type": "globalContexts"
        }
      ],
      "codegenVersion": "0.0.1"
    },
    {
      "projectId": "caTPwKxj5ZrD9LQ7DMdK4Z",
      "version": "3.40.0",
      "dependencies": {},
      "lang": "js",
      "fileLocks": [
        {
          "assetId": "caTPwKxj5ZrD9LQ7DMdK4Z",
          "type": "projectCss",
          "checksum": "1c02168c6b23256606111fdfdbb63549"
        }
      ],
      "codegenVersion": "0.0.1"
    },
    {
      "projectId": "84wxoth5npGrp6RRXPL88z",
      "version": "4.30.0",
      "dependencies": {},
      "lang": "js",
      "fileLocks": [
        {
          "assetId": "84wxoth5npGrp6RRXPL88z",
          "type": "projectCss",
          "checksum": "aedf7b9afd779b089be209519ad30e96"
        },
        {
          "assetId": "84wxoth5npGrp6RRXPL88z",
          "checksum": "14e34fc8ee04382a88f671116234a1e3",
          "type": "globalContexts"
        }
      ],
      "codegenVersion": "0.0.1"
    },
    {
      "projectId": "58GpZjZCWTaJ8AUhpCwt2K",
      "version": "3.28.0",
      "dependencies": {},
      "lang": "js",
      "fileLocks": [
        {
          "assetId": "58GpZjZCWTaJ8AUhpCwt2K",
          "type": "projectCss",
          "checksum": "f0469e206244772473ab64f50be898f9"
        }
      ],
      "codegenVersion": "0.0.1"
    },
    {
      "projectId": "szjgMQpPpxhmkjnaBvZQJG",
      "version": "2.28.0",
      "dependencies": {},
      "lang": "js",
      "fileLocks": [
        {
          "assetId": "szjgMQpPpxhmkjnaBvZQJG",
          "type": "projectCss",
          "checksum": "72ff85f8dbd01d559ad13ce12accad86"
        }
      ],
      "codegenVersion": "0.0.1"
    },
    {
      "projectId": "xp1p7dmg329XVLHyuEUxD2",
      "version": "11.35.0",
      "dependencies": {},
      "lang": "js",
      "fileLocks": [
        {
          "assetId": "xp1p7dmg329XVLHyuEUxD2",
          "type": "projectCss",
          "checksum": "933cd204534693a242d79a66a236e23d"
        }
      ],
      "codegenVersion": "0.0.1"
    },
    {
      "projectId": "r3ASNrnyvLLLAtDvzUioQ",
      "version": "4.8.0",
      "dependencies": {},
      "lang": "js",
      "fileLocks": [
        {
          "assetId": "r3ASNrnyvLLLAtDvzUioQ",
          "type": "projectCss",
          "checksum": "1c02168c6b23256606111fdfdbb63549"
        }
      ],
      "codegenVersion": "0.0.1"
    },
    {
      "projectId": "eCbx7HJgm8FWkx1AoTEmGN",
      "version": "latest",
      "dependencies": {
        "r3ASNrnyvLLLAtDvzUioQ": "4.8.0",
        "xp1p7dmg329XVLHyuEUxD2": "11.35.0",
        "szjgMQpPpxhmkjnaBvZQJG": "2.28.0",
        "58GpZjZCWTaJ8AUhpCwt2K": "3.28.0",
        "84wxoth5npGrp6RRXPL88z": "4.30.0",
        "caTPwKxj5ZrD9LQ7DMdK4Z": "3.40.0",
        "ohDidvG9XsCeFumugENU3J": "6.28.0",
        "7nJ7UcFmq9UzB6eXfC5z4a": "0.31.0"
      },
      "lang": "js",
      "fileLocks": [
        {
          "type": "globalVariant",
          "assetId": "yOfg4d6Ymt_f",
          "checksum": "1fd191580eb728cc318640ff5b084f66"
        },
        {
          "type": "globalVariant",
          "assetId": "FtqZxHrpiQQ_",
          "checksum": "0558d0a97dc412deeebbde290cf38d1c"
        },
        {
          "assetId": "eCbx7HJgm8FWkx1AoTEmGN",
          "type": "projectCss",
          "checksum": "5f62b115927460a7bdc4142143af3c9e"
        },
        {
          "assetId": "eCbx7HJgm8FWkx1AoTEmGN",
          "checksum": "b0126afc5d362ee2e1448816f2e5ce28",
          "type": "globalContexts"
        },
        {
          "type": "renderModule",
          "assetId": "5wVC3rQb102V",
          "checksum": "6a0a0e472fd094d165b9a3d61ae2bf80"
        },
        {
          "type": "cssRules",
          "assetId": "5wVC3rQb102V",
          "checksum": "6a0a0e472fd094d165b9a3d61ae2bf80"
        },
        {
          "type": "renderModule",
          "assetId": "aHxg7bl3e-Ta",
          "checksum": "e3e710e5c27283ad1516a2cb03680332"
        },
        {
          "type": "cssRules",
          "assetId": "aHxg7bl3e-Ta",
          "checksum": "e3e710e5c27283ad1516a2cb03680332"
        },
        {
          "type": "renderModule",
          "assetId": "16IIeWFEMbUD",
          "checksum": "9a0ee30596acb6f4bd58a1bc24abfeb6"
        },
        {
          "type": "cssRules",
          "assetId": "16IIeWFEMbUD",
          "checksum": "9a0ee30596acb6f4bd58a1bc24abfeb6"
        },
        {
          "type": "renderModule",
          "assetId": "ZZ1GCBoM8Mtd",
          "checksum": "26f7eeb2e8faccc977f8d05614a69b77"
        },
        {
          "type": "cssRules",
          "assetId": "ZZ1GCBoM8Mtd",
          "checksum": "26f7eeb2e8faccc977f8d05614a69b77"
        },
        {
          "type": "renderModule",
          "assetId": "xdU1aoqgqwBO",
          "checksum": "c95f7ce561ddf45ca6f013e46fb81bd7"
        },
        {
          "type": "cssRules",
          "assetId": "xdU1aoqgqwBO",
          "checksum": "c95f7ce561ddf45ca6f013e46fb81bd7"
        },
        {
          "type": "renderModule",
          "assetId": "cesa4aFUYHEX",
          "checksum": "162dc35bdad996a4c99ce0f666dc513d"
        },
        {
          "type": "cssRules",
          "assetId": "cesa4aFUYHEX",
          "checksum": "162dc35bdad996a4c99ce0f666dc513d"
        },
        {
          "type": "renderModule",
          "assetId": "NNClcxYPOSQ9",
          "checksum": "4cc9b69653cff527f583ca3a1390b9c0"
        },
        {
          "type": "cssRules",
          "assetId": "NNClcxYPOSQ9",
          "checksum": "4cc9b69653cff527f583ca3a1390b9c0"
        },
        {
          "type": "renderModule",
          "assetId": "cY2EEdveUw_m",
          "checksum": "531e294500c2f1197a466035af55d2e2"
        },
        {
          "type": "cssRules",
          "assetId": "cY2EEdveUw_m",
          "checksum": "531e294500c2f1197a466035af55d2e2"
        },
        {
          "type": "renderModule",
          "assetId": "7Z3POE_hsQ-0",
          "checksum": "58a9c0547ef54e47503d147192d1bce8"
        },
        {
          "type": "cssRules",
          "assetId": "7Z3POE_hsQ-0",
          "checksum": "58a9c0547ef54e47503d147192d1bce8"
        },
        {
          "type": "renderModule",
          "assetId": "2sR6FPb-fiQA",
          "checksum": "8059f0e7a2c9c38f450494a0f0f77524"
        },
        {
          "type": "cssRules",
          "assetId": "2sR6FPb-fiQA",
          "checksum": "8059f0e7a2c9c38f450494a0f0f77524"
        },
        {
          "type": "renderModule",
          "assetId": "JzEs4dPI9Ib6",
          "checksum": "2cff64fcff628acccf19566f1ee1b673"
        },
        {
          "type": "cssRules",
          "assetId": "JzEs4dPI9Ib6",
          "checksum": "2cff64fcff628acccf19566f1ee1b673"
        },
        {
          "type": "renderModule",
          "assetId": "Zb29Ge7OY3u9",
          "checksum": "7ebd10cd1d6f3dbc4ba3b2cdb4830431"
        },
        {
          "type": "cssRules",
          "assetId": "Zb29Ge7OY3u9",
          "checksum": "7ebd10cd1d6f3dbc4ba3b2cdb4830431"
        },
        {
          "type": "renderModule",
          "assetId": "BeEG_J5nivEa",
          "checksum": "1da1c5700de7b5e472d46004564e4de5"
        },
        {
          "type": "cssRules",
          "assetId": "BeEG_J5nivEa",
          "checksum": "1da1c5700de7b5e472d46004564e4de5"
        },
        {
          "type": "renderModule",
          "assetId": "UuPtA4e2flHy",
          "checksum": "c5d99807aa9b2ca881a020a2e7903ba1"
        },
        {
          "type": "cssRules",
          "assetId": "UuPtA4e2flHy",
          "checksum": "c5d99807aa9b2ca881a020a2e7903ba1"
        },
        {
          "type": "renderModule",
          "assetId": "BFroENaJU506",
          "checksum": "e5ee34e597c8703bc28baece087979a2"
        },
        {
          "type": "cssRules",
          "assetId": "BFroENaJU506",
          "checksum": "e5ee34e597c8703bc28baece087979a2"
        },
        {
          "type": "renderModule",
          "assetId": "b_rW21EHwfb2",
          "checksum": "3b1d625608acad553e4849973abd3eed"
        },
        {
          "type": "cssRules",
          "assetId": "b_rW21EHwfb2",
          "checksum": "3b1d625608acad553e4849973abd3eed"
        },
        {
          "type": "renderModule",
          "assetId": "WvsUXQJjkTDK",
          "checksum": "f4465944ac372c22613dc9cd71f9983f"
        },
        {
          "type": "cssRules",
          "assetId": "WvsUXQJjkTDK",
          "checksum": "f4465944ac372c22613dc9cd71f9983f"
        },
        {
          "type": "renderModule",
          "assetId": "Nogt6exAfDZP",
          "checksum": "369415e7963e6d1dc34554bd9f4f7c93"
        },
        {
          "type": "cssRules",
          "assetId": "Nogt6exAfDZP",
          "checksum": "369415e7963e6d1dc34554bd9f4f7c93"
        },
        {
          "type": "renderModule",
          "assetId": "txLEtGVygb7o",
          "checksum": "151cc57d0cb2d0e86b3e1d318ead30cf"
        },
        {
          "type": "cssRules",
          "assetId": "txLEtGVygb7o",
          "checksum": "151cc57d0cb2d0e86b3e1d318ead30cf"
        },
        {
          "type": "renderModule",
          "assetId": "5RgKUHQCNjDa",
          "checksum": "f54d0a887832acc6b7d09382eb970ac9"
        },
        {
          "type": "cssRules",
          "assetId": "5RgKUHQCNjDa",
          "checksum": "f54d0a887832acc6b7d09382eb970ac9"
        },
        {
          "type": "renderModule",
          "assetId": "Mttan8iX9gCk",
          "checksum": "f01735674b1007955c4e93702d931b41"
        },
        {
          "type": "cssRules",
          "assetId": "Mttan8iX9gCk",
          "checksum": "f01735674b1007955c4e93702d931b41"
        },
        {
          "type": "renderModule",
          "assetId": "GFq5AX6mQYOS",
          "checksum": "bc5f3e4adb824066328dadefae5f8f14"
        },
        {
          "type": "cssRules",
          "assetId": "GFq5AX6mQYOS",
          "checksum": "bc5f3e4adb824066328dadefae5f8f14"
        },
        {
          "type": "renderModule",
          "assetId": "cca3NDm-B76v",
          "checksum": "df6c959c449b240792db4a2c5009a11a"
        },
        {
          "type": "cssRules",
          "assetId": "cca3NDm-B76v",
          "checksum": "df6c959c449b240792db4a2c5009a11a"
        },
        {
          "type": "renderModule",
          "assetId": "OhrrNVjcp5CM",
          "checksum": "39c02896de9e883227d1f3b9907c782a"
        },
        {
          "type": "cssRules",
          "assetId": "OhrrNVjcp5CM",
          "checksum": "39c02896de9e883227d1f3b9907c782a"
        },
        {
          "type": "renderModule",
          "assetId": "3GrQwBTmc9Ka",
          "checksum": "d893111f722af8c4f66f6f1862719054"
        },
        {
          "type": "cssRules",
          "assetId": "3GrQwBTmc9Ka",
          "checksum": "d893111f722af8c4f66f6f1862719054"
        },
        {
          "type": "icon",
          "assetId": "-4C1AwEJPzpp",
          "checksum": "2b7ce63bc8eb27394b893bdf67903ec5"
        },
        {
          "type": "icon",
          "assetId": "XgNSJ4Q32kk4",
          "checksum": "798b30cdcd58a66f7d55108c5a5a457f"
        },
        {
          "type": "icon",
          "assetId": "88IeIFX0iYqB",
          "checksum": "25e89151bd34e45fbb9c8026fe12753b"
        },
        {
          "type": "icon",
          "assetId": "BPBers5bOmfs",
          "checksum": "0b1aa09ca3d95bae1988a9224283f168"
        },
        {
          "type": "icon",
          "assetId": "J95z-KxkyUDA",
          "checksum": "23c02d06ac56c3c1cebe95cb2f445fc2"
        },
        {
          "type": "icon",
          "assetId": "YzFRFvnEzjjJ",
          "checksum": "261bd45f529e16bf7ac92ffc0f1c49d5"
        },
        {
          "type": "icon",
          "assetId": "KgGcs8JcnoA6",
          "checksum": "a27b24f8ec0ff451a97f3d274fe08292"
        },
        {
          "type": "icon",
          "assetId": "qAuyHbztyDLe",
          "checksum": "30ca50d7addf595d7839d649894c3b6f"
        },
        {
          "type": "icon",
          "assetId": "ARPZIeBvqPwU",
          "checksum": "684e2c543cd983065295ed8ea59b31c3"
        },
        {
          "type": "icon",
          "assetId": "cCEOKXpYHEIY",
          "checksum": "b1efd46ac4d5ed9855c6612dca1ba164"
        },
        {
          "type": "icon",
          "assetId": "5fH_oJwXQ7Q5",
          "checksum": "270453e1d8948338399f5e26c4626db6"
        },
        {
          "type": "icon",
          "assetId": "J3fi-AkS9d9s",
          "checksum": "2c82e4f9ca5c362703cafdce6689af9d"
        },
        {
          "type": "icon",
          "assetId": "P_2Mkm88GnZb",
          "checksum": "27b1ebff03ec00a37cc3535a205e7e40"
        },
        {
          "type": "icon",
          "assetId": "b5GdtlVpd2OO",
          "checksum": "55c365edee4410a6e6f5dd81471a38aa"
        },
        {
          "type": "icon",
          "assetId": "odYM8npMGmri",
          "checksum": "f92182d2e783f9c460e5f374dd6bac10"
        },
        {
          "type": "icon",
          "assetId": "IXDUsHravebF",
          "checksum": "3c07f1fdc519bae02b8782cbd986a207"
        },
        {
          "type": "icon",
          "assetId": "xZ1xtKM321Hc",
          "checksum": "a90b9038c6f5407fe74d637226f2ee93"
        },
        {
          "type": "icon",
          "assetId": "YKO0naVO24kQ",
          "checksum": "68d58043a79b5057726de2dad7179158"
        },
        {
          "type": "icon",
          "assetId": "Yy9FXvds-nR9",
          "checksum": "de8bf30d311239f49d5f55fc9d17cddb"
        },
        {
          "type": "icon",
          "assetId": "0sZqUnlZXdmI",
          "checksum": "fed6c43036cc9a3c00e632dfa0731bb8"
        },
        {
          "type": "icon",
          "assetId": "gcnOcydnRH5p",
          "checksum": "ee02163b77969a52ee22b9b3468260d6"
        },
        {
          "type": "icon",
          "assetId": "5MEK0tE4PAoG",
          "checksum": "b1e1529dca2f7cf0b4f3c83798297626"
        },
        {
          "type": "icon",
          "assetId": "Wj0slsRCESSD",
          "checksum": "15e4fbcfed29e9fd7d1032024f6dc935"
        },
        {
          "type": "icon",
          "assetId": "KD8uiILD_s9o",
          "checksum": "24b05a94f5d4f955851fd7309e98419d"
        },
        {
          "type": "icon",
          "assetId": "n0k3Vo5nkTA-",
          "checksum": "5b0047bda54c515e147b4e0914e756fc"
        },
        {
          "type": "icon",
          "assetId": "aqfzKPwY2P4y",
          "checksum": "63ac29b734031f3fc78cc619d127468a"
        },
        {
          "type": "icon",
          "assetId": "s7Z86klKrnsV",
          "checksum": "e2a74b360ad7f8e4910ef9a76229daa1"
        },
        {
          "type": "icon",
          "assetId": "kuwEYSK8l-6S",
          "checksum": "9a3fa8bb987157fbae581a02bb4ba12e"
        },
        {
          "type": "icon",
          "assetId": "C4p5r8We1EFo",
          "checksum": "dcd10c71ea6c8670d73982af81664fa3"
        },
        {
          "type": "icon",
          "assetId": "UH1Hrby_uiNa",
          "checksum": "2306d1226afbaa5101d2dd8e22648196"
        },
        {
          "type": "icon",
          "assetId": "qQiQ7XoYTwo3",
          "checksum": "bd53ce1a4fda54342742f1bedec45593"
        },
        {
          "type": "icon",
          "assetId": "WCj98XddmhRa",
          "checksum": "21e0ac9abf50f084c4b0aa5fed6c1044"
        },
        {
          "type": "icon",
          "assetId": "8dWRhknO6jYM",
          "checksum": "8f17526216a0b7c73c8331370136d028"
        },
        {
          "type": "icon",
          "assetId": "eSHthjdpgKD3",
          "checksum": "d7c450f9d2e65470b17382a74bc7e226"
        },
        {
          "type": "icon",
          "assetId": "7VQhCSbXTvp7",
          "checksum": "42f6bba75fa57d5b5be1eb2c84b229ed"
        },
        {
          "type": "icon",
          "assetId": "Q2rP-czP2YCk",
          "checksum": "34a090cf6106c338cc9642ad729f2235"
        },
        {
          "type": "icon",
          "assetId": "nGTN4QhYGqrA",
          "checksum": "e254e060f34aa535afad37f2e9770bf6"
        },
        {
          "type": "icon",
          "assetId": "OXPpfhC55pCm",
          "checksum": "850fe6647e18a12e6388f521b6a8711a"
        },
        {
          "type": "icon",
          "assetId": "ZCVvUIYmCRUZ",
          "checksum": "e0d543bff0d3ec681cbc2ace2f64bde6"
        },
        {
          "type": "icon",
          "assetId": "rzUu4x84rFcl",
          "checksum": "6d391cc671f7286160666acc45a3d8fc"
        },
        {
          "type": "icon",
          "assetId": "8XSfzepQ3lx1",
          "checksum": "21dfa42abe52dcb1e8a9da9cb20ab4ee"
        },
        {
          "type": "icon",
          "assetId": "q9AGH6uqUlfY",
          "checksum": "58602c90026ba79a8a4e883281ac4303"
        },
        {
          "type": "icon",
          "assetId": "6udjd-NokumJ",
          "checksum": "6104d55e629bbe2338c94927912332e7"
        },
        {
          "type": "icon",
          "assetId": "ZByRV9mjgHO5",
          "checksum": "88732c24ab556dc2333bc708a1c54ae5"
        },
        {
          "type": "icon",
          "assetId": "qCUN87uibeY6",
          "checksum": "6270939037986b3aff0fcd571ec98e26"
        },
        {
          "type": "icon",
          "assetId": "x1RxxIwwj4dR",
          "checksum": "01c3ff346ad49dd14e2ae21180868381"
        },
        {
          "type": "icon",
          "assetId": "wcyIKie0QiJ_",
          "checksum": "1683f063522aecd61f6c49e9dd399a02"
        },
        {
          "type": "icon",
          "assetId": "vEnax7QnpcgA",
          "checksum": "87f3359564ce0e0d03d82d3440799390"
        },
        {
          "type": "icon",
          "assetId": "zcRkZdPfvG4y",
          "checksum": "227db3fd73fca0b2d6e48e102be8847a"
        },
        {
          "type": "icon",
          "assetId": "7Z_nJXbo0Hsk",
          "checksum": "c5ab83ffd537338e1aaa886511ccfab6"
        },
        {
          "type": "icon",
          "assetId": "f1C9kNAGUhZ2",
          "checksum": "a89cf419432d527a3ec57521b1731a62"
        },
        {
          "type": "icon",
          "assetId": "sI81skYBKiq_",
          "checksum": "f573f7d2670c090d0c7935f3eb27eed7"
        },
        {
          "type": "icon",
          "assetId": "141NyBUklw1Y",
          "checksum": "0ef2c8e8194237a2f96eb71298534afb"
        },
        {
          "type": "icon",
          "assetId": "GXkSVs5H1a9d",
          "checksum": "f432df9a4691c97b32b21ab2d9bc4560"
        },
        {
          "type": "icon",
          "assetId": "ZluB3slG_UYc",
          "checksum": "8e7e1b7a60d3a970c48f7a9f6b37a4f4"
        },
        {
          "type": "icon",
          "assetId": "bh_Vsp2PJQiP",
          "checksum": "65714ed40e828aac4a56ab2c8c01bad8"
        },
        {
          "type": "icon",
          "assetId": "Q5UoRoboWWw3",
          "checksum": "036ddc02f91add460aac036d44458357"
        },
        {
          "type": "icon",
          "assetId": "zI65KPypeXS2",
          "checksum": "d0612917f6057a7e7555c24e67d2d675"
        },
        {
          "type": "icon",
          "assetId": "JZTcFHwwWLUB",
          "checksum": "e0a8869716da56c115a26f8e7a555828"
        },
        {
          "type": "icon",
          "assetId": "u3vbL4jU-4aw",
          "checksum": "425ce325fa324f2e38f2dc944bedb03c"
        },
        {
          "type": "icon",
          "assetId": "zpgtrQ1X2vGA",
          "checksum": "e0e9719940b0e1d819e3e0735f123f9e"
        },
        {
          "type": "icon",
          "assetId": "FpTxqkth8zfh",
          "checksum": "c2fa63bb7dca4f80c81226e7ba4c6d0f"
        },
        {
          "type": "icon",
          "assetId": "9BiuKNafjXH5",
          "checksum": "56baf80a00cde9e8e3e2751a36356844"
        },
        {
          "type": "icon",
          "assetId": "gAQJJSwLjUol",
          "checksum": "62e00a1120483f81ea2143d6c3aa76e3"
        },
        {
          "type": "icon",
          "assetId": "gDftl6TXiQik",
          "checksum": "5264190153c881f5a85ccc2e5a79c598"
        },
        {
          "type": "icon",
          "assetId": "9RrY3m2Di-Tf",
          "checksum": "83f281bf1c39d7b64bc1378443d624c6"
        },
        {
          "type": "icon",
          "assetId": "5_x5jquxnN8E",
          "checksum": "4c7389783f227241298a82e3ed25a86b"
        },
        {
          "type": "icon",
          "assetId": "3gJd8Wu7Nv_u",
          "checksum": "6d6ec402523729fcdb406296a3133969"
        },
        {
          "type": "icon",
          "assetId": "Sqtp5kUOdXxM",
          "checksum": "44155e192ccfcefcce87f3a41d4c182a"
        },
        {
          "type": "icon",
          "assetId": "BTvNmofwISmH",
          "checksum": "914a257671c78d5e305a12d916a962ed"
        },
        {
          "type": "icon",
          "assetId": "0bflWddo769E",
          "checksum": "2f8672b0f1b5d991e0a2408fe8c53f4a"
        },
        {
          "type": "icon",
          "assetId": "SnsMpdAQaTO0",
          "checksum": "fa05a99ca23cd538e0d4463789c113ed"
        },
        {
          "type": "icon",
          "assetId": "G9nKh82JD7iF",
          "checksum": "cf388ced0e24d8fa5dcb21052a184c88"
        },
        {
          "type": "icon",
          "assetId": "3KAJ5fuo8kHy",
          "checksum": "7214bd67486bc58b098e10d6cbaf263f"
        },
        {
          "type": "icon",
          "assetId": "HYZ0ooblDUXq",
          "checksum": "2c15b593ba9fb1ac0d6c490df01723ee"
        },
        {
          "type": "icon",
          "assetId": "g-wwWBaRFVKO",
          "checksum": "10ed0a2472252b0d45711e9e38c776cb"
        },
        {
          "type": "icon",
          "assetId": "drPbsBVNhdKb",
          "checksum": "9223bfd9be3f234325597b83074cdfe9"
        },
        {
          "type": "image",
          "assetId": "OGm2U5Ux2uzm",
          "checksum": "973f1e207f7963aebc237be02a294da0"
        },
        {
          "type": "image",
          "assetId": "M1iUA4ltT1ya",
          "checksum": "356b773b8517516e773e69c86be36d94"
        },
        {
          "type": "image",
          "assetId": "GZNjh8lRzVln",
          "checksum": "20777b7fc882877ad95455e554cae9b6"
        },
        {
          "type": "image",
          "assetId": "l25VLX-2jlMx",
          "checksum": "a1d915b69ddacfa1ad40b0ede7955cc5"
        },
        {
          "type": "image",
          "assetId": "n5QHVf1Ki1r-",
          "checksum": "393d50ce5c8adff587c8fdabdc971f44"
        },
        {
          "type": "image",
          "assetId": "2KjY8OO4fps4",
          "checksum": "687bdf2a0d66c6e76d2b9e0cec3cc449"
        },
        {
          "type": "image",
          "assetId": "bfP0nZGZR7zs",
          "checksum": "71dfb251f85b9207c28ac770ef41ce04"
        },
        {
          "type": "image",
          "assetId": "kbDEpwNrqWLu",
          "checksum": "a82f470bad842693eaa5b23aba4dc613"
        },
        {
          "type": "image",
          "assetId": "O5nesOTdT_Fp",
          "checksum": "3964ef39f74c75099827312cd8624e34"
        },
        {
          "type": "image",
          "assetId": "T67EAH9HLDFl",
          "checksum": "9aef86d9c41bdd488f7ba89cf314d0be"
        },
        {
          "type": "image",
          "assetId": "-PUIE2K-JrVE",
          "checksum": "a202f97eabd597db5672aff77a098aa8"
        },
        {
          "type": "image",
          "assetId": "7DsRJAJZpP7J",
          "checksum": "573c4f56ad17bd6b67d4cc104c3d5eec"
        },
        {
          "type": "image",
          "assetId": "oRNQwvs_AdkI",
          "checksum": "4845b785e703c3421ecf563601f06f9d"
        },
        {
          "type": "image",
          "assetId": "An3Za0ie70L4",
          "checksum": "189f766e63833d0d421592f8690ece5c"
        },
        {
          "type": "image",
          "assetId": "Wbh_DjzlQ72c",
          "checksum": "626e02abc12423549372a8b54e5b48a4"
        },
        {
          "type": "image",
          "assetId": "ec1pBQuW8RT0",
          "checksum": "cc587f70c82f585f693bb8f0e0e4f348"
        },
        {
          "type": "image",
          "assetId": "UaoYyOrkVsQs",
          "checksum": "00541598f7e054d706b0a139847d736b"
        },
        {
          "type": "image",
          "assetId": "igFvCEUM06BD",
          "checksum": "454ea5203114997b3c092ba6af0e3716"
        },
        {
          "type": "image",
          "assetId": "Cqf7s8IKr3kQ",
          "checksum": "e66c5211b70cccd199de1c8288c69013"
        },
        {
          "type": "image",
          "assetId": "ZtqWsN7Tmb7h",
          "checksum": "fccfec45c4d9bfb100a247c41bc7ea4b"
        },
        {
          "type": "image",
          "assetId": "DpeaOMPvtjCX",
          "checksum": "52f32ffdb02be783842e0bfd22ec9ffc"
        },
        {
          "type": "image",
          "assetId": "FokCJ80A-STa",
          "checksum": "46731d2e436de9e234ad973f6404fb70"
        },
        {
          "type": "image",
          "assetId": "zZA4rbGKjHIT",
          "checksum": "bcf12c76fe554bdbe2b288c33da3b003"
        },
        {
          "type": "image",
          "assetId": "aN19wJ5F4KrP",
          "checksum": "6570ac83667865f885ddcf2ba859e72a"
        },
        {
          "type": "image",
          "assetId": "UZE5Th5paYze",
          "checksum": "616c4fe9e99844261d6433159deb0d59"
        },
        {
          "type": "image",
          "assetId": "l0gfppA6bzk_",
          "checksum": "f58c93cbca0a0687e860889634b72c08"
        },
        {
          "type": "image",
          "assetId": "IJ-v3Ix_3yJh",
          "checksum": "4828373b3e88c830bce1ca8495b8f798"
        },
        {
          "type": "image",
          "assetId": "a2GgjCZIC-Ot",
          "checksum": "6925b24cfa5a29993cc32ccf0cdf7676"
        },
        {
          "type": "image",
          "assetId": "hxaVcNAL3S6o",
          "checksum": "3cb9e80571cdd9f28751ef93a53e972d"
        },
        {
          "type": "image",
          "assetId": "HuE847HUvnXI",
          "checksum": "654d578d8350a6851a767d61b729911f"
        },
        {
          "type": "image",
          "assetId": "nD3DYKR0MQSQ",
          "checksum": "320a6794ba89862f1afc36108d88aa82"
        },
        {
          "type": "image",
          "assetId": "gD2nfR3wwAm3",
          "checksum": "5739d50c223f0e359cb51aaa8ebc5e63"
        },
        {
          "type": "image",
          "assetId": "ve7Qz53eCV-j",
          "checksum": "3950cf81e567920042a1da12ad19a216"
        },
        {
          "type": "image",
          "assetId": "hzuRN830el72",
          "checksum": "217bd77ca7b244547ed85edf489008a7"
        },
        {
          "type": "image",
          "assetId": "hhsC0adnU5ZS",
          "checksum": "ab3e45cdf709efc945c0cc8c3fd969b4"
        },
        {
          "type": "image",
          "assetId": "XjpH2m8WIL6E",
          "checksum": "942fe09502cc5f3db8adf3ee819777ab"
        },
        {
          "type": "image",
          "assetId": "_nx58V2ZbhUh",
          "checksum": "368e3908266135d69d6c1bda15b97129"
        },
        {
          "type": "image",
          "assetId": "nESpUkiTNxIw",
          "checksum": "3e64c602ec186609fc3712d1a86ee46a"
        },
        {
          "type": "image",
          "assetId": "hIvwrIQ8hSzZ",
          "checksum": "8b420c9a9878b70dc1cc57e84ba813cc"
        },
        {
          "type": "image",
          "assetId": "wJpTetSNiqj_",
          "checksum": "4ba344082540d2e48a3a3c1e93865643"
        },
        {
          "type": "image",
          "assetId": "KtSAANqDVH7B",
          "checksum": "869e116ae8006eb43d6deb16bbe6fc65"
        },
        {
          "type": "image",
          "assetId": "hwuI1xA7Tsir",
          "checksum": "bd07ec280182ec4ba82651be1b25e334"
        },
        {
          "type": "image",
          "assetId": "JujdF3OlvWOJ",
          "checksum": "d6a5f6bd0d5bd6cd67d07bd04298c961"
        },
        {
          "type": "image",
          "assetId": "DzB7PqlGr5Ib",
          "checksum": "8c623e5837937921c3c3633b4955123b"
        },
        {
          "type": "image",
          "assetId": "Z9x1etMeGynb",
          "checksum": "dac45ababc7936570c5bc336c3acf294"
        },
        {
          "type": "image",
          "assetId": "oKkHq7kGkyB6",
          "checksum": "bcf0568d83fd5216ffd9be5627046f5f"
        },
        {
          "type": "image",
          "assetId": "EKKYd9UyFdWR",
          "checksum": "a0b37c4cdbf95b10860a5207628f9033"
        },
        {
          "type": "image",
          "assetId": "TSXekx-SnVnY",
          "checksum": "a643466f9023bdf5e6fffd610f6ec686"
        },
        {
          "type": "image",
          "assetId": "4SQr5L0g9A20",
          "checksum": "12c31be62f573a195214e47989e96b42"
        },
        {
          "type": "image",
          "assetId": "d8VORMVaWZPS",
          "checksum": "8d243b8f6f98a43a1a1e2b252f935051"
        },
        {
          "type": "image",
          "assetId": "AEQ7Qr89ikyK",
          "checksum": "8a27546a101e55d3c01245767fe29de8"
        },
        {
          "type": "image",
          "assetId": "XPty_ax_HuyY",
          "checksum": "15aa56d99b99ebbe6ddd7efc30e421db"
        },
        {
          "type": "image",
          "assetId": "2ssWTR2I2-8m",
          "checksum": "2cb00b6bab5d0f775e96191f6e13f318"
        },
        {
          "type": "image",
          "assetId": "S9ZWJ2APuQRW",
          "checksum": "f0c011be48983463ddab5a2ea84aedb9"
        },
        {
          "type": "image",
          "assetId": "MkLvVKA-oZf9",
          "checksum": "e9c27061cdfea17ed3b54d9427c3febf"
        },
        {
          "type": "image",
          "assetId": "uAdQZuK56SYC",
          "checksum": "004657919f217d7d33ff8b526c7b57d4"
        },
        {
          "type": "image",
          "assetId": "dh8grnqJEOzb",
          "checksum": "fb1c06b0c5a3cb871256c302ac1eacd9"
        },
        {
          "type": "image",
          "assetId": "Hj4OI__iw3KR",
          "checksum": "6cd114ee1ab947ecce985576dedbe232"
        },
        {
          "type": "image",
          "assetId": "hwTksO5uudwp",
          "checksum": "63187f29eed70fb315b8b667fc1cbb53"
        },
        {
          "type": "image",
          "assetId": "_O811FjxXbF6",
          "checksum": "edd26cb7dae560997828429f2b699c9c"
        },
        {
          "type": "image",
          "assetId": "h44Nr3dooQkS",
          "checksum": "cb7607d629a1ab33f1d917ad5ada318f"
        },
        {
          "type": "image",
          "assetId": "VuLBZE7lpg7g",
          "checksum": "b1c4d29ccc3e49464f81547e8e875e59"
        },
        {
          "type": "image",
          "assetId": "3CFg9VX8a29P",
          "checksum": "76464865035dbbaa411eb691be2357bc"
        },
        {
          "type": "image",
          "assetId": "5ElEul_3sh8v",
          "checksum": "42dbf3b6f88a78a08e0da4f9d3203a32"
        },
        {
          "type": "image",
          "assetId": "Y__aSyBrIbLM",
          "checksum": "7f468dde1e9016219a1e05d8fc0df6de"
        },
        {
          "type": "image",
          "assetId": "807hEGvIlgng",
          "checksum": "a227552b9d63011ec02ffb13e7cef7d5"
        },
        {
          "type": "image",
          "assetId": "fVDhkeA4lONy",
          "checksum": "898197172a7d3431b1a9be68e0ba3f43"
        },
        {
          "type": "image",
          "assetId": "yj2PDJYK2Xfy",
          "checksum": "cfb59aac63e29e27aa2228e7fb92f434"
        },
        {
          "type": "image",
          "assetId": "SF7qzpMTy_D8",
          "checksum": "def4693a36edbeefc110fb507d3c4034"
        },
        {
          "type": "image",
          "assetId": "hHU0IXzpOEkU",
          "checksum": "bb0299b9e33c9b93bf43910b17dd82b5"
        },
        {
          "type": "image",
          "assetId": "SrfbJchf08aH",
          "checksum": "af1817e192a4c91477811ffef4b6cafa"
        },
        {
          "type": "image",
          "assetId": "VJ5Q_f7m5Bhs",
          "checksum": "30e2422a4c994205c4f11ad33259bdcc"
        },
        {
          "type": "image",
          "assetId": "rXx_QrFdDauv",
          "checksum": "52c61c468b6964c32a82b15adf3f97ce"
        },
        {
          "type": "image",
          "assetId": "O9VDsxa_Y8UP",
          "checksum": "ccf8a16fbb80174699c82dc7d1e1de2e"
        },
        {
          "type": "image",
          "assetId": "_U4XDnfjneR2",
          "checksum": "0d8d94132ccaeda472446a9d9d768c2f"
        },
        {
          "type": "image",
          "assetId": "zqz2De4yqlyH",
          "checksum": "9f3ad8a9a2074ff95bfb0fd3242977cf"
        },
        {
          "type": "image",
          "assetId": "hf2T0PcyiA43",
          "checksum": "9c4fdfcdf6a598df18a91a3a269be409"
        },
        {
          "type": "image",
          "assetId": "rtEgYaN3jh0Z",
          "checksum": "cb6542667c9f6b90d345beabf98fc6ed"
        },
        {
          "type": "image",
          "assetId": "VzwZcJqps1O6",
          "checksum": "5138de6fb13517acc4e00bfd935b6f8f"
        },
        {
          "type": "image",
          "assetId": "V-Bco3I_kJ4a",
          "checksum": "90924c1d3ffc1bb0288a2f59db84a58b"
        },
        {
          "type": "image",
          "assetId": "PFKoHK03MCmI",
          "checksum": "159331f9ed8d49c3304117ef2a42878d"
        },
        {
          "type": "image",
          "assetId": "-goYs434rHfm",
          "checksum": "4f77d3dfa815d3b2cc3b3935a7540316"
        },
        {
          "type": "image",
          "assetId": "1p_iscqBoOeH",
          "checksum": "b923c498a5eeb0b333d87e621fe296cb"
        },
        {
          "type": "image",
          "assetId": "S7ZO0NrRtPPe",
          "checksum": "2e120f2b356cb1edc8ff2ae4b7ef1f8c"
        },
        {
          "type": "image",
          "assetId": "ZUqkVdoi2Y1n",
          "checksum": "1258728105bc7846cd82cb5d13a2c15c"
        },
        {
          "type": "image",
          "assetId": "eg_gfbGwkIRL",
          "checksum": "35d5519140ae3035b69b02d6eb9ca3be"
        },
        {
          "type": "image",
          "assetId": "ctd-hwuEB4Lo",
          "checksum": "b7bb5cc43e284da394b85dd2b5f26ba8"
        },
        {
          "type": "image",
          "assetId": "LQUnhqDf-M3K",
          "checksum": "7a89881ced34f458f9b9fa527f0a7a8e"
        },
        {
          "type": "image",
          "assetId": "utZceXSI4MMQ",
          "checksum": "3d385c8d7ac727a5e92e7ef3c22f2c76"
        },
        {
          "type": "image",
          "assetId": "1kHYhByE-G0X",
          "checksum": "46766852332af7929adae755502b255d"
        },
        {
          "type": "image",
          "assetId": "dan5h6pFWxm2",
          "checksum": "759c13cae6c5be9988c45bb76279611a"
        },
        {
          "type": "image",
          "assetId": "ntj0YK4hreeR",
          "checksum": "2d774c2d5368b2224a9f3335c99ba17f"
        },
        {
          "type": "image",
          "assetId": "hmJTt4zjZB9e",
          "checksum": "21054dbf60e0cce7b097fc83b072a85b"
        },
        {
          "type": "image",
          "assetId": "soCW7eEJA8tN",
          "checksum": "f8c487e3d05f2a55453f81a6852bf93b"
        },
        {
          "type": "image",
          "assetId": "PKGU3zzQrIYq",
          "checksum": "7ddf5dd96798807734a1377a61412217"
        },
        {
          "type": "image",
          "assetId": "NoXKC1UOh-Am",
          "checksum": "68c99e916109d52e7e8b65259e758531"
        },
        {
          "type": "image",
          "assetId": "Jxc-RZkHojCW",
          "checksum": "5f0a0e486820303a8d2e24259e7021f6"
        },
        {
          "type": "image",
          "assetId": "td3aeBnltWnf",
          "checksum": "1d216f633762cc0f2a54dfbc97a7a112"
        },
        {
          "type": "image",
          "assetId": "B5h25yk2o243",
          "checksum": "7bdc66a963c9231ddd59df01264183ec"
        },
        {
          "type": "image",
          "assetId": "Iq_cWYIm7eWo",
          "checksum": "e43bddeeec52e51de30f21428ac16122"
        },
        {
          "type": "image",
          "assetId": "97WB-q_0_H-Y",
          "checksum": "5aaf02c78eca2f16f0cf9e2fcd2822a6"
        },
        {
          "type": "image",
          "assetId": "GmdOosrqsJRd",
          "checksum": "20a0223364c48cf14626c4e0b37ebed9"
        },
        {
          "type": "image",
          "assetId": "9Fbv-nyYhYi7",
          "checksum": "ba976143fbe04a9188c2c012d9e2e958"
        },
        {
          "type": "image",
          "assetId": "DthjRu9OiLmw",
          "checksum": "477bb8269eae17b37a590a58c8126bb6"
        },
        {
          "type": "image",
          "assetId": "SFczs7AAzJ6a",
          "checksum": "91721a214ba68260f9fd0943cce3602d"
        },
        {
          "type": "image",
          "assetId": "QSpCl1KbnJGL",
          "checksum": "33772b8db20c7875827f1007454bd59b"
        },
        {
          "type": "image",
          "assetId": "bKtOa1oIJbgd",
          "checksum": "83fa91973d51dc72a92690736a663947"
        },
        {
          "type": "image",
          "assetId": "WCP4DJm9LC7m",
          "checksum": "20d88211a23e76c4ac5e0b3de81b4d1f"
        },
        {
          "type": "image",
          "assetId": "z_EKxlThN8x-",
          "checksum": "13e42c2252deaa60598ad17d939ef8f0"
        },
        {
          "type": "image",
          "assetId": "hbXh6Djqq8Vi",
          "checksum": "d4bd87564e2c00cd624070e66e749f9d"
        },
        {
          "type": "image",
          "assetId": "IZocAPo1YfFx",
          "checksum": "81fb01a9068c6b960fa75c50ba2dd311"
        },
        {
          "type": "image",
          "assetId": "oNEM-n1sjvUc",
          "checksum": "ade4e45ffca8820281d1d8e379557c31"
        },
        {
          "type": "image",
          "assetId": "wekesh_QkqmJ",
          "checksum": "09ec3e57e4af23ff33341ca053e6884d"
        },
        {
          "type": "image",
          "assetId": "p2xhqcP9Gs0x",
          "checksum": "1c1dd68d061fe5e4fcf87d7827453c44"
        },
        {
          "type": "image",
          "assetId": "b8DmuU-RSu0N",
          "checksum": "6910614680e37910aef4de99a10ef3e4"
        },
        {
          "type": "image",
          "assetId": "iipxU1Ko_ANI",
          "checksum": "4c1f2c5707988c5fcf60511a2eaeaef7"
        },
        {
          "type": "image",
          "assetId": "ToppM6n_C2rb",
          "checksum": "8da043430e055e3c8874e9baa1ae059a"
        },
        {
          "type": "image",
          "assetId": "UhZk-KOy8kSF",
          "checksum": "a7be4843d8571897f6eebb3cdc923e1c"
        },
        {
          "type": "image",
          "assetId": "QrNNoVcAXmUC",
          "checksum": "753579b9642beac564088f1e7e5a28d1"
        },
        {
          "type": "image",
          "assetId": "QgqvwWL7jDzG",
          "checksum": "e850044b379ac2354413f5d87a07fa4a"
        },
        {
          "type": "image",
          "assetId": "gzrc_TiaMIFs",
          "checksum": "7de449bb14802266f64fa32f0a760da4"
        },
        {
          "type": "image",
          "assetId": "0n4EB3xYA5_h",
          "checksum": "c15928337d1a6cf13853007f946f300a"
        },
        {
          "type": "image",
          "assetId": "gMOwrb42hq6G",
          "checksum": "eb4a401125a71b7cfc36177c6adda88d"
        },
        {
          "type": "image",
          "assetId": "xgSeT43vQl_F",
          "checksum": "890dc5c556da8594cc8f21d54ceae078"
        },
        {
          "type": "image",
          "assetId": "vtaQmS4uvOU6",
          "checksum": "60767671a0022a5b9a52cdfeb28da698"
        },
        {
          "type": "image",
          "assetId": "KbbcrgE5Zvfb",
          "checksum": "788eb45eee6b1b84facd8e3c6343b755"
        },
        {
          "type": "image",
          "assetId": "rcn4-bALEuLy",
          "checksum": "3f8092c736265340ea6147c6c701893d"
        },
        {
          "type": "image",
          "assetId": "V8Sw4mgywTPd",
          "checksum": "e38f5a4b4493e4376fb8f36dfe75a11c"
        },
        {
          "type": "image",
          "assetId": "Gy_QD2DP539a",
          "checksum": "60fbd34ffbfdaa56c11c5808929dc27a"
        },
        {
          "type": "image",
          "assetId": "ObFXP0vKqs0O",
          "checksum": "ef19c5fa5e7f064d8bb4d78e2f26e835"
        },
        {
          "type": "image",
          "assetId": "j8Yaq6CmetXA",
          "checksum": "25fa1d53bfdfd3602e32207bef2902a2"
        },
        {
          "type": "image",
          "assetId": "GePIjIeKiqMO",
          "checksum": "cc0ad528812a2bdee0b8e97f7a3ca7e8"
        },
        {
          "type": "image",
          "assetId": "1LRTAfWFNnHu",
          "checksum": "cf89df7b34fd75590063f4fee0138be7"
        },
        {
          "type": "image",
          "assetId": "x_UEOf8IqAiu",
          "checksum": "b10412738fe129c55a71b8c35862f59f"
        },
        {
          "type": "image",
          "assetId": "7kypa3xDPwMB",
          "checksum": "7cbfaec6b55dfa0a321a48d9d24150a3"
        },
        {
          "type": "image",
          "assetId": "FBRLaW6R30S7",
          "checksum": "a59199f343f7e60492e23f5fff5b344f"
        },
        {
          "type": "image",
          "assetId": "c_nR3NVzo74J",
          "checksum": "b0ed8dd255bed170145a5a33854174d6"
        },
        {
          "type": "image",
          "assetId": "mXWdLWmFLMIM",
          "checksum": "bf287555b65f532d9381ea085297bac4"
        },
        {
          "type": "image",
          "assetId": "m6ZghyTDTlDE",
          "checksum": "4e6d954c90347f059392a7a88b2424b1"
        },
        {
          "type": "image",
          "assetId": "lQtyJAKpIMU7",
          "checksum": "232d423a9b1c7be0d793851b2d74106c"
        },
        {
          "type": "image",
          "assetId": "iY4q-C2OXh7F",
          "checksum": "9b21822beb4c53146322ccfbbe592985"
        },
        {
          "type": "image",
          "assetId": "Ryx7_azAYqef",
          "checksum": "0b3f8f84a6c7feace0efb83492c33003"
        },
        {
          "type": "image",
          "assetId": "MaQp-uh0_0E2",
          "checksum": "9081e773ceb3bddad61f711f7a6041b4"
        },
        {
          "type": "image",
          "assetId": "haovJpfxZ3cv",
          "checksum": "f7b0491829e932d5ecb8cdce7c46efc8"
        },
        {
          "type": "image",
          "assetId": "3iw9JCoW1tax",
          "checksum": "dc009b8e110a745c361e51b0aebecb3c"
        },
        {
          "type": "image",
          "assetId": "24gQcD4pUr_C",
          "checksum": "083a15e88ac38df96ce7911493d3ac49"
        },
        {
          "type": "image",
          "assetId": "raPvyTKt6VL3",
          "checksum": "967984e260596c29267d4b09d5e71b52"
        },
        {
          "type": "image",
          "assetId": "Xu-UwnM0tg6n",
          "checksum": "cfd0d65b485bcff1ae3ceea202d234ba"
        },
        {
          "type": "image",
          "assetId": "Z5v0ptHEFdN_",
          "checksum": "8ea31a2ee5162b9540018d6a4836599b"
        },
        {
          "type": "image",
          "assetId": "Hg6ekphPptzg",
          "checksum": "9591e8b0328cc9413851be1ef0b96e34"
        },
        {
          "type": "image",
          "assetId": "6Mzk9yEiw2If",
          "checksum": "a7ca36b93f65800589edc206d0ecd961"
        },
        {
          "type": "image",
          "assetId": "na7z-lgE9eyZ",
          "checksum": "6666fc0ee38c75b75abd680ef6d9a8a2"
        },
        {
          "type": "image",
          "assetId": "Ygk-Pia2Qbqv",
          "checksum": "ea6e9ca749101ad655306cc35a24bf95"
        },
        {
          "type": "image",
          "assetId": "p7gCugyFUh4x",
          "checksum": "c9135abcba1a43d744e0af31e50d5582"
        },
        {
          "type": "image",
          "assetId": "yi3dfV6wRpdo",
          "checksum": "4388f31f769c1f01a31f2948ecd5044f"
        },
        {
          "type": "image",
          "assetId": "FPYu2ThhBoeH",
          "checksum": "b74f232ae54bef8c918a3461b51a6f07"
        },
        {
          "type": "image",
          "assetId": "K5Mx8AnvOM1F",
          "checksum": "b057db95ffea60dd0bbee238aaa23603"
        },
        {
          "type": "image",
          "assetId": "uYLhdmKocmA-",
          "checksum": "036d9eb13b95fa2776b85bb489adc716"
        }
      ],
      "codegenVersion": "0.0.1"
    }
  ],
  "cliVersion": "0.1.334"
}
